
Microsoft Visual Studio Solution File, Format Version 12.00
# Visual Studio Version 17
VisualStudioVersion = 17.3.32901.215
MinimumVisualStudioVersion = 10.0.40219.1
Project("{FAE04EC0-301F-11D3-BF4B-00C04F79EFBC}") = "if-belge-hesaplama", "if-belge-hesaplama\if-belge-hesaplama.csproj", "{D7500286-2000-42A9-825E-97DD61FEEF0F}"
EndProject
Global
	GlobalSection(SolutionConfigurationPlatforms) = preSolution
		Debug|Any CPU = Debug|Any CPU
		Release|Any CPU = Release|Any CPU
	EndGlobalSection
	GlobalSection(ProjectConfigurationPlatforms) = postSolution
		{D7500286-2000-42A9-825E-97DD61FEEF0F}.Debug|Any CPU.ActiveCfg = Debug|Any CPU
		{D7500286-2000-42A9-825E-97DD61FEEF0F}.Debug|Any CPU.Build.0 = Debug|Any CPU
		{D7500286-2000-42A9-825E-97DD61FEEF0F}.Release|Any CPU.ActiveCfg = Release|Any CPU
		{D7500286-2000-42A9-825E-97DD61FEEF0F}.Release|Any CPU.Build.0 = Release|Any CPU
	EndGlobalSection
	GlobalSection(SolutionProperties) = preSolution
		HideSolutionNode = FALSE
	EndGlobalSection
	GlobalSection(ExtensibilityGlobals) = postSolution
		SolutionGuid = {90DAD0B5-2D98-4EC1-837E-3EECCC62C318}
	EndGlobalSection
EndGlobal
